// !$*UTF8*$!
{
	archiveVersion = 1;
	classes = {
	};
	objectVersion = 46;
	objects = {

/* Begin PBXBuildFile section */
		F8C5F6761BFB135A00C10B87 /* main.m in Sources */ = {isa = PBXBuildFile; fileRef = F8C5F6751BFB135A00C10B87 /* main.m */; };
		F8C5F6791BFB135A00C10B87 /* AppDelegate.m in Sources */ = {isa = PBXBuildFile; fileRef = F8C5F6781BFB135A00C10B87 /* AppDelegate.m */; };
		F8C5F67C1BFB135A00C10B87 /* ViewController.m in Sources */ = {isa = PBXBuildFile; fileRef = F8C5F67B1BFB135A00C10B87 /* ViewController.m */; };
		F8C5F6811BFB135A00C10B87 /* Assets.xcassets in Resources */ = {isa = PBXBuildFile; fileRef = F8C5F6801BFB135A00C10B87 /* Assets.xcassets */; };
		F8C5F6841BFB135A00C10B87 /* LaunchScreen.storyboard in Resources */ = {isa = PBXBuildFile; fileRef = F8C5F6821BFB135A00C10B87 /* LaunchScreen.storyboard */; };
		F8C5F68E1BFB13FD00C10B87 /* HMSegmentedControl.m in Sources */ = {isa = PBXBuildFile; fileRef = F8C5F68D1BFB13FD00C10B87 /* HMSegmentedControl.m */; };
		F8C5F6981BFB153900C10B87 /* OneViewController.m in Sources */ = {isa = PBXBuildFile; fileRef = F8C5F6911BFB153900C10B87 /* OneViewController.m */; };
		F8C5F6991BFB153900C10B87 /* testViewController.m in Sources */ = {isa = PBXBuildFile; fileRef = F8C5F6931BFB153900C10B87 /* testViewController.m */; };
		F8C5F69A1BFB153900C10B87 /* ThreeViewController.m in Sources */ = {isa = PBXBuildFile; fileRef = F8C5F6951BFB153900C10B87 /* ThreeViewController.m */; };
		F8C5F69B1BFB153900C10B87 /* TwoViewController.m in Sources */ = {isa = PBXBuildFile; fileRef = F8C5F6971BFB153900C10B87 /* TwoViewController.m */; };
/* End PBXBuildFile section */

/* Begin PBXFileReference section */
		F8C5F6711BFB135A00C10B87 /* 导航栏ViewPager.app */ = {isa = PBXFileReference; explicitFileType = wrapper.application; includeInIndex = 0; path = "导航栏ViewPager.app"; sourceTree = BUILT_PRODUCTS_DIR; };
		F8C5F6751BFB135A00C10B87 /* main.m */ = {isa = PBXFileReference; lastKnownFileType = sourcecode.c.objc; path = main.m; sourceTree = "<group>"; };
		F8C5F6771BFB135A00C10B87 /* AppDelegate.h */ = {isa = PBXFileReference; lastKnownFileType = sourcecode.c.h; path = AppDelegate.h; sourceTree = "<group>"; };
		F8C5F6781BFB135A00C10B87 /* AppDelegate.m */ = {isa = PBXFileReference; lastKnownFileType = sourcecode.c.objc; path = AppDelegate.m; sourceTree = "<group>"; };
		F8C5F67A1BFB135A00C10B87 /* ViewController.h */ = {isa = PBXFileReference; lastKnownFileType = sourcecode.c.h; path = ViewController.h; sourceTree = "<group>"; };
		F8C5F67B1BFB135A00C10B87 /* ViewController.m */ = {isa = PBXFileReference; lastKnownFileType = sourcecode.c.objc; path = ViewController.m; sourceTree = "<group>"; };
		F8C5F6801BFB135A00C10B87 /* Assets.xcassets */ = {isa = PBXFileReference; lastKnownFileType = folder.assetcatalog; path = Assets.xcassets; sourceTree = "<group>"; };
		F8C5F6831BFB135A00C10B87 /* Base */ = {isa = PBXFileReference; lastKnownFileType = file.storyboard; name = Base; path = Base.lproj/LaunchScreen.storyboard; sourceTree = "<group>"; };
		F8C5F6851BFB135A00C10B87 /* Info.plist */ = {isa = PBXFileReference; lastKnownFileType = text.plist.xml; path = Info.plist; sourceTree = "<group>"; };
		F8C5F68C1BFB13FD00C10B87 /* HMSegmentedControl.h */ = {isa = PBXFileReference; fileEncoding = 4; lastKnownFileType = sourcecode.c.h; path = HMSegmentedControl.h; sourceTree = "<group>"; };
		F8C5F68D1BFB13FD00C10B87 /* HMSegmentedControl.m */ = {isa = PBXFileReference; fileEncoding = 4; lastKnownFileType = sourcecode.c.objc; path = HMSegmentedControl.m; sourceTree = "<group>"; };
		F8C5F6901BFB153900C10B87 /* OneViewController.h */ = {isa = PBXFileReference; fileEncoding = 4; lastKnownFileType = sourcecode.c.h; path = OneViewController.h; sourceTree = "<group>"; };
		F8C5F6911BFB153900C10B87 /* OneViewController.m */ = {isa = PBXFileReference; fileEncoding = 4; lastKnownFileType = sourcecode.c.objc; path = OneViewController.m; sourceTree = "<group>"; };
		F8C5F6921BFB153900C10B87 /* testViewController.h */ = {isa = PBXFileReference; fileEncoding = 4; lastKnownFileType = sourcecode.c.h; path = testViewController.h; sourceTree = "<group>"; };
		F8C5F6931BFB153900C10B87 /* testViewController.m */ = {isa = PBXFileReference; fileEncoding = 4; lastKnownFileType = sourcecode.c.objc; path = testViewController.m; sourceTree = "<group>"; };
		F8C5F6941BFB153900C10B87 /* ThreeViewController.h */ = {isa = PBXFileReference; fileEncoding = 4; lastKnownFileType = sourcecode.c.h; path = ThreeViewController.h; sourceTree = "<group>"; };
		F8C5F6951BFB153900C10B87 /* ThreeViewController.m */ = {isa = PBXFileReference; fileEncoding = 4; lastKnownFileType = sourcecode.c.objc; path = ThreeViewController.m; sourceTree = "<group>"; };
		F8C5F6961BFB153900C10B87 /* TwoViewController.h */ = {isa = PBXFileReference; fileEncoding = 4; lastKnownFileType = sourcecode.c.h; path = TwoViewController.h; sourceTree = "<group>"; };
		F8C5F6971BFB153900C10B87 /* TwoViewController.m */ = {isa = PBXFileReference; fileEncoding = 4; lastKnownFileType = sourcecode.c.objc; path = TwoViewController.m; sourceTree = "<group>"; };
/* End PBXFileReference section */

/* Begin PBXFrameworksBuildPhase section */
		F8C5F66E1BFB135A00C10B87 /* Frameworks */ = {
			isa = PBXFrameworksBuildPhase;
			buildActionMask = 2147483647;
			files = (
			);
			runOnlyForDeploymentPostprocessing = 0;
		};
/* End PBXFrameworksBuildPhase section */

/* Begin PBXGroup section */
		F8C5F6681BFB135A00C10B87 = {
			isa = PBXGroup;
			children = (
				F8C5F6731BFB135A00C10B87 /* 导航栏ViewPager */,
				F8C5F6721BFB135A00C10B87 /* Products */,
			);
			sourceTree = "<group>";
		};
		F8C5F6721BFB135A00C10B87 /* Products */ = {
			isa = PBXGroup;
			children = (
				F8C5F6711BFB135A00C10B87 /* 导航栏ViewPager.app */,
			);
			name = Products;
			sourceTree = "<group>";
		};
		F8C5F6731BFB135A00C10B87 /* 导航栏ViewPager */ = {
			isa = PBXGroup;
			children = (
				F8C5F68F1BFB153900C10B87 /* Views */,
				F8C5F68B1BFB13FD00C10B87 /* HMSegmentedControl */,
				F8C5F6771BFB135A00C10B87 /* AppDelegate.h */,
				F8C5F6781BFB135A00C10B87 /* AppDelegate.m */,
				F8C5F67A1BFB135A00C10B87 /* ViewController.h */,
				F8C5F67B1BFB135A00C10B87 /* ViewController.m */,
				F8C5F6801BFB135A00C10B87 /* Assets.xcassets */,
				F8C5F6821BFB135A00C10B87 /* LaunchScreen.storyboard */,
				F8C5F6851BFB135A00C10B87 /* Info.plist */,
				F8C5F6741BFB135A00C10B87 /* Supporting Files */,
			);
			path = "导航栏ViewPager";
			sourceTree = "<group>";
		};
		F8C5F6741BFB135A00C10B87 /* Supporting Files */ = {
			isa = PBXGroup;
			children = (
				F8C5F6751BFB135A00C10B87 /* main.m */,
			);
			name = "Supporting Files";
			sourceTree = "<group>";
		};
		F8C5F68B1BFB13FD00C10B87 /* HMSegmentedControl */ = {
			isa = PBXGroup;
			children = (
				F8C5F68C1BFB13FD00C10B87 /* HMSegmentedControl.h */,
				F8C5F68D1BFB13FD00C10B87 /* HMSegmentedControl.m */,
			);
			path = HMSegmentedControl;
			sourceTree = "<group>";
		};
		F8C5F68F1BFB153900C10B87 /* Views */ = {
			isa = PBXGroup;
			children = (
				F8C5F6901BFB153900C10B87 /* OneViewController.h */,
				F8C5F6911BFB153900C10B87 /* OneViewController.m */,
				F8C5F6921BFB153900C10B87 /* testViewController.h */,
				F8C5F6931BFB153900C10B87 /* testViewController.m */,
				F8C5F6941BFB153900C10B87 /* ThreeViewController.h */,
				F8C5F6951BFB153900C10B87 /* ThreeViewController.m */,
				F8C5F6961BFB153900C10B87 /* TwoViewController.h */,
				F8C5F6971BFB153900C10B87 /* TwoViewController.m */,
			);
			path = Views;
			sourceTree = "<group>";
		};
/* End PBXGroup section */

/* Begin PBXNativeTarget section */
		F8C5F6701BFB135A00C10B87 /* 导航栏ViewPager */ = {
			isa = PBXNativeTarget;
			buildConfigurationList = F8C5F6881BFB135A00C10B87 /* Build configuration list for PBXNativeTarget "导航栏ViewPager" */;
			buildPhases = (
				F8C5F66D1BFB135A00C10B87 /* Sources */,
				F8C5F66E1BFB135A00C10B87 /* Frameworks */,
				F8C5F66F1BFB135A00C10B87 /* Resources */,
			);
			buildRules = (
			);
			dependencies = (
			);
			name = "导航栏ViewPager";
			productName = "导航栏ViewPager";
			productReference = F8C5F6711BFB135A00C10B87 /* 导航栏ViewPager.app */;
			productType = "com.apple.product-type.application";
		};
/* End PBXNativeTarget section */

/* Begin PBXProject section */
		F8C5F6691BFB135A00C10B87 /* Project object */ = {
			isa = PBXProject;
			attributes = {
				LastUpgradeCheck = 0710;
				ORGANIZATIONNAME = zy;
				TargetAttributes = {
					F8C5F6701BFB135A00C10B87 = {
						CreatedOnToolsVersion = 7.1;
					};
				};
			};
			buildConfigurationList = F8C5F66C1BFB135A00C10B87 /* Build configuration list for PBXProject "导航栏ViewPager" */;
			compatibilityVersion = "Xcode 3.2";
			developmentRegion = English;
			hasScannedForEncodings = 0;
			knownRegions = (
				en,
				Base,
			);
			mainGroup = F8C5F6681BFB135A00C10B87;
			productRefGroup = F8C5F6721BFB135A00C10B87 /* Products */;
			projectDirPath = "";
			projectRoot = "";
			targets = (
				F8C5F6701BFB135A00C10B87 /* 导航栏ViewPager */,
			);
		};
/* End PBXProject section */

/* Begin PBXResourcesBuildPhase section */
		F8C5F66F1BFB135A00C10B87 /* Resources */ = {
			isa = PBXResourcesBuildPhase;
			buildActionMask = 2147483647;
			files = (
				F8C5F6841BFB135A00C10B87 /* LaunchScreen.storyboard in Resources */,
				F8C5F6811BFB135A00C10B87 /* Assets.xcassets in Resources */,
			);
			runOnlyForDeploymentPostprocessing = 0;
		};
/* End PBXResourcesBuildPhase section */

/* Begin PBXSourcesBuildPhase section */
		F8C5F66D1BFB135A00C10B87 /* Sources */ = {
			isa = PBXSourcesBuildPhase;
			buildActionMask = 2147483647;
			files = (
				F8C5F6991BFB153900C10B87 /* testViewController.m in Sources */,
				F8C5F69A1BFB153900C10B87 /* ThreeViewController.m in Sources */,
				F8C5F67C1BFB135A00C10B87 /* ViewController.m in Sources */,
				F8C5F6981BFB153900C10B87 /* OneViewController.m in Sources */,
				F8C5F68E1BFB13FD00C10B87 /* HMSegmentedControl.m in Sources */,
				F8C5F6791BFB135A00C10B87 /* AppDelegate.m in Sources */,
				F8C5F6761BFB135A00C10B87 /* main.m in Sources */,
				F8C5F69B1BFB153900C10B87 /* TwoViewController.m in Sources */,
			);
			runOnlyForDeploymentPostprocessing = 0;
		};
/* End PBXSourcesBuildPhase section */

/* Begin PBXVariantGroup section */
		F8C5F6821BFB135A00C10B87 /* LaunchScreen.storyboard */ = {
			isa = PBXVariantGroup;
			children = (
				F8C5F6831BFB135A00C10B87 /* Base */,
			);
			name = LaunchScreen.storyboard;
			sourceTree = "<group>";
		};
/* End PBXVariantGroup section */

/* Begin XCBuildConfiguration section */
		F8C5F6861BFB135A00C10B87 /* Debug */ = {
			isa = XCBuildConfiguration;
			buildSettings = {
				ALWAYS_SEARCH_USER_PATHS = NO;
				CLANG_CXX_LANGUAGE_STANDARD = "gnu++0x";
				CLANG_CXX_LIBRARY = "libc++";
				CLANG_ENABLE_MODULES = YES;
				CLANG_ENABLE_OBJC_ARC = YES;
				CLANG_WARN_BOOL_CONVERSION = YES;
				CLANG_WARN_CONSTANT_CONVERSION = YES;
				CLANG_WARN_DIRECT_OBJC_ISA_USAGE = YES_ERROR;
				CLANG_WARN_EMPTY_BODY = YES;
				CLANG_WARN_ENUM_CONVERSION = YES;
				CLANG_WARN_INT_CONVERSION = YES;
				CLANG_WARN_OBJC_ROOT_CLASS = YES_ERROR;
				CLANG_WARN_UNREACHABLE_CODE = YES;
				CLANG_WARN__DUPLICATE_METHOD_MATCH = YES;
				"CODE_SIGN_IDENTITY[sdk=iphoneos*]" = "iPhone Developer";
				COPY_PHASE_STRIP = NO;
				DEBUG_INFORMATION_FORMAT = dwarf;
				ENABLE_STRICT_OBJC_MSGSEND = YES;
				ENABLE_TESTABILITY = YES;
				GCC_C_LANGUAGE_STANDARD = gnu99;
				GCC_DYNAMIC_NO_PIC = NO;
				GCC_NO_COMMON_BLOCKS = YES;
				GCC_OPTIMIZATION_LEVEL = 0;
				GCC_PREPROCESSOR_DEFINITIONS = (
					"DEBUG=1",
					"$(inherited)",
				);
				GCC_WARN_64_TO_32_BIT_CONVERSION = YES;
				GCC_WARN_ABOUT_RETURN_TYPE = YES_ERROR;
				GCC_WARN_UNDECLARED_SELECTOR = YES;
				GCC_WARN_UNINITIALIZED_AUTOS = YES_AGGRESSIVE;
				GCC_WARN_UNUSED_FUNCTION = YES;
				GCC_WARN_UNUSED_VARIABLE = YES;
				IPHONEOS_DEPLOYMENT_TARGET = 9.1;
				MTL_ENABLE_DEBUG_INFO = YES;
				ONLY_ACTIVE_ARCH = YES;
				SDKROOT = iphoneos;
			};
			name = Debug;
		};
		F8C5F6871BFB135A00C10B87 /* Release */ = {
			isa = XCBuildConfiguration;
			buildSettings = {
				ALWAYS_SEARCH_USER_PATHS = NO;
				CLANG_CXX_LANGUAGE_STANDARD = "gnu++0x";
				CLANG_CXX_LIBRARY = "libc++";
				CLANG_ENABLE_MODULES = YES;
				CLANG_ENABLE_OBJC_ARC = YES;
				CLANG_WARN_BOOL_CONVERSION = YES;
				CLANG_WARN_CONSTANT_CONVERSION = YES;
				CLANG_WARN_DIRECT_OBJC_ISA_USAGE = YES_ERROR;
				CLANG_WARN_EMPTY_BODY = YES;
				CLANG_WARN_ENUM_CONVERSION = YES;
				CLANG_WARN_INT_CONVERSION = YES;
				CLANG_WARN_OBJC_ROOT_CLASS = YES_ERROR;
				CLANG_WARN_UNREACHABLE_CODE = YES;
				CLANG_WARN__DUPLICATE_METHOD_MATCH = YES;
				"CODE_SIGN_IDENTITY[sdk=iphoneos*]" = "iPhone Developer";
				COPY_PHASE_STRIP = NO;
				DEBUG_INFORMATION_FORMAT = "dwarf-with-dsym";
				ENABLE_NS_ASSERTIONS = NO;
				ENABLE_STRICT_OBJC_MSGSEND = YES;
				GCC_C_LANGUAGE_STANDARD = gnu99;
				GCC_NO_COMMON_BLOCKS = YES;
				GCC_WARN_64_TO_32_BIT_CONVERSION = YES;
				GCC_WARN_ABOUT_RETURN_TYPE = YES_ERROR;
				GCC_WARN_UNDECLARED_SELECTOR = YES;
				GCC_WARN_UNINITIALIZED_AUTOS = YES_AGGRESSIVE;
				GCC_WARN_UNUSED_FUNCTION = YES;
				GCC_WARN_UNUSED_VARIABLE = YES;
				IPHONEOS_DEPLOYMENT_TARGET = 9.1;
				MTL_ENABLE_DEBUG_INFO = NO;
				SDKROOT = iphoneos;
				VALIDATE_PRODUCT = YES;
			};
			name = Release;
		};
		F8C5F6891BFB135A00C10B87 /* Debug */ = {
			isa = XCBuildConfiguration;
			buildSettings = {
				ASSETCATALOG_COMPILER_APPICON_NAME = AppIcon;
				INFOPLIST_FILE = "导航栏ViewPager/Info.plist";
				LD_RUNPATH_SEARCH_PATHS = "$(inherited) @executable_path/Frameworks";
				PRODUCT_BUNDLE_IDENTIFIER = "cn.zy.---ViewPager";
				PRODUCT_NAME = "$(TARGET_NAME)";
			};
			name = Debug;
		};
		F8C5F68A1BFB135A00C10B87 /* Release */ = {
			isa = XCBuildConfiguration;
			buildSettings = {
				ASSETCATALOG_COMPILER_APPICON_NAME = AppIcon;
				INFOPLIST_FILE = "导航栏ViewPager/Info.plist";
				LD_RUNPATH_SEARCH_PATHS = "$(inherited) @executable_path/Frameworks";
				PRODUCT_BUNDLE_IDENTIFIER = "cn.zy.---ViewPager";
				PRODUCT_NAME = "$(TARGET_NAME)";
			};
			name = Release;
		};
/* End XCBuildConfiguration section */

/* Begin XCConfigurationList section */
		F8C5F66C1BFB135A00C10B87 /* Build configuration list for PBXProject "导航栏ViewPager" */ = {
			isa = XCConfigurationList;
			buildConfigurations = (
				F8C5F6861BFB135A00C10B87 /* Debug */,
				F8C5F6871BFB135A00C10B87 /* Release */,
			);
			defaultConfigurationIsVisible = 0;
			defaultConfigurationName = Release;
		};
		F8C5F6881BFB135A00C10B87 /* Build configuration list for PBXNativeTarget "导航栏ViewPager" */ = {
			isa = XCConfigurationList;
			buildConfigurations = (
				F8C5F6891BFB135A00C10B87 /* Debug */,
				F8C5F68A1BFB135A00C10B87 /* Release */,
			);
			defaultConfigurationIsVisible = 0;
		};
/* End XCConfigurationList section */
	};
	rootObject = F8C5F6691BFB135A00C10B87 /* Project object */;
}
